{
  "name": "test",
  "lockfileVersion": 3,
  "requires": true,
  "packages": {
    "": {
      "dependencies": {
        "pareto-host-nodejs": "^0.2.31",
        "pareto-test": "^0.13.79",
        "pub": "file:../pub"
      }
    },
    "../pub": {
      "name": "pareto-static-html",
      "version": "0.1.27",
      "license": "Apache-2.0",
      "dependencies": {
        "liana-core": "^0.0.22",
        "pareto-fountain-pen": "^0.4.45",
        "pareto-fountain-pen-file-structure": "^0.0.6"
      }
    },
    "node_modules/astn-core": {
      "version": "0.5.38",
      "resolved": "https://registry.npmjs.org/astn-core/-/astn-core-0.5.38.tgz",
      "integrity": "sha512-/fRrk+hGm1LRIQPptm/Xb/ojpWQsaZvkgg/wOF5XVq/oFI0aIgLU8dx+4vgMCud0LO3Ncw3mWF0/zrSctT1XiA==",
      "license": "Apache-2.0",
      "dependencies": {
        "pareto-fountain-pen": "^0.4.45"
      }
    },
    "node_modules/liana-core": {
      "version": "0.0.22",
      "resolved": "https://registry.npmjs.org/liana-core/-/liana-core-0.0.22.tgz",
      "integrity": "sha512-M/nciFaKsy4ScQcIdB7EMeg2CRiVwKHsJByGJJzqYB7X8emVdmwYz9jv+O/rGj9u9bUe3oeQKTH5RsgXh4SoXA==",
      "license": "Apache-2.0",
      "dependencies": {
        "astn-core": "^0.5.38",
        "pareto-core": "^0.1.43"
      }
    },
    "node_modules/pareto-core": {
      "version": "0.1.43",
      "resolved": "https://registry.npmjs.org/pareto-core/-/pareto-core-0.1.43.tgz",
      "integrity": "sha512-4zMiuQo8GTjZlljzgPsqKXKFLqa2rUejjdPuyAo1hdZt4WpaGZo1fLFSo9I5oHrAcelje+2p06EPDK5UZYeHeQ==",
      "license": "ISC"
    },
    "node_modules/pareto-core-dev": {
      "version": "0.12.8",
      "resolved": "https://registry.npmjs.org/pareto-core-dev/-/pareto-core-dev-0.12.8.tgz",
      "integrity": "sha512-XApKCr4QJGtTq7EBLi18rFr0h5SXzyQjeqwCOXQslUUVETiKUS0QBHcSKI61rNc9X/W39k32mLvCs84dyqT8xw==",
      "license": "ISC",
      "dependencies": {
        "pareto-core": "^0.1.42"
      }
    },
    "node_modules/pareto-core-shorthands": {
      "version": "0.2.20",
      "resolved": "https://registry.npmjs.org/pareto-core-shorthands/-/pareto-core-shorthands-0.2.20.tgz",
      "integrity": "sha512-ooiaVuaSzNIE2htkyTYP6IJCNY44v9w1mrd3IsJ4/5afsauDdlHNd4rmh0+Twi68w7ygLV884mpBRNgAc2SekQ==",
      "license": "ISC",
      "dependencies": {
        "pareto-core": "^0.1.42"
      }
    },
    "node_modules/pareto-fountain-pen": {
      "version": "0.4.45",
      "resolved": "https://registry.npmjs.org/pareto-fountain-pen/-/pareto-fountain-pen-0.4.45.tgz",
      "integrity": "sha512-P/51wTZpPY/3byHm1D8q4/A68yILSOgpgodlXJ53LZOkuvLiP+fGricVZQWy9hx2RznYz2WfpYIIiR1Mbov0Ag==",
      "license": "Apache-2.0",
      "dependencies": {
        "pareto-core": "^0.1.43",
        "pareto-core-shorthands": "^0.2.20"
      },
      "engines": {
        "node": ">=14.0.0"
      }
    },
    "node_modules/pareto-host-nodejs": {
      "version": "0.2.31",
      "resolved": "https://registry.npmjs.org/pareto-host-nodejs/-/pareto-host-nodejs-0.2.31.tgz",
      "integrity": "sha512-jPLm5HmizPs0kRZYKxa4TU1L2gwtVopALdmoynZybrdU9oRTXarnm5hJs6Weq3OPj7XyWDQsXA7IqJP/iNZRLA==",
      "license": "ISC",
      "dependencies": {
        "pareto-resources": "^0.2.50"
      }
    },
    "node_modules/pareto-resources": {
      "version": "0.2.50",
      "resolved": "https://registry.npmjs.org/pareto-resources/-/pareto-resources-0.2.50.tgz",
      "integrity": "sha512-jcKXSkPzhBLHR15oDzeRdGXf8ZHL2JB4axAcjqjkGSpHYX014wPBOneytH1dNkCMWIe0nlD5HQuhowG2zaFm1A==",
      "license": "Apache-2.0",
      "dependencies": {
        "liana-core": "^0.0.22",
        "pareto-fountain-pen": "^0.4.45"
      }
    },
    "node_modules/pareto-test": {
      "version": "0.13.79",
      "resolved": "https://registry.npmjs.org/pareto-test/-/pareto-test-0.13.79.tgz",
      "integrity": "sha512-U42zt36/i9Dv24WuxIQMkhQyOet4kYiwVFTLejyeTbXyW/Oc/n36wNISbSIQZtXP40F3owjlqC8xAnlecuvKHA==",
      "license": "Apache-2.0",
      "dependencies": {
        "pareto-core-dev": "^0.12.8",
        "pareto-fountain-pen": "^0.4.43",
        "pareto-host-nodejs": "^0.2.29",
        "pareto-resources": "^0.2.47"
      }
    },
    "node_modules/pub": {
      "resolved": "../pub",
      "link": true
    }
  }
}
