{
  "name": "pareto-static-html",
  "version": "0.1.66",
  "lockfileVersion": 3,
  "requires": true,
  "packages": {
    "": {
      "name": "pareto-static-html",
      "version": "0.1.66",
      "license": "Apache-2.0",
      "dependencies": {
        "astn-core": "^0.5.0",
        "liana-core": "^0.1.0",
        "pareto-core": "^0.1.0",
        "pareto-core-shorthands": "^0.2.0",
        "pareto-fountain-pen": "^0.4.0"
      }
    },
    "node_modules/astn-core": {
      "version": "0.5.149",
      "resolved": "https://registry.npmjs.org/astn-core/-/astn-core-0.5.149.tgz",
      "integrity": "sha512-/wZQ5M8+x/R0P2cgkLzyu6QRo0uZ0yfgfUvYWQYbc7VifGtqrYRmRCpSDr3fci798Yy0LwXtCu29dn5Lsjhqxw==",
      "license": "Apache-2.0",
      "dependencies": {
        "pareto-core": "^0.1.0",
        "pareto-fountain-pen": "^0.4.0"
      }
    },
    "node_modules/liana-core": {
      "version": "0.1.46",
      "resolved": "https://registry.npmjs.org/liana-core/-/liana-core-0.1.46.tgz",
      "integrity": "sha512-y55XGjAIcdJ880cMcGH7jfJDPOnC+plmKvArVX0i9q1GTRSHIqv+ZBhjd6KaSOrtUrS1DcGu33sriRpHw8Hkmw==",
      "license": "Apache-2.0",
      "dependencies": {
        "astn-core": "^0.5.0",
        "pareto-core": "^0.1.0",
        "pareto-fountain-pen": "^0.4.0"
      }
    },
    "node_modules/pareto-core": {
      "version": "0.1.283",
      "resolved": "https://registry.npmjs.org/pareto-core/-/pareto-core-0.1.283.tgz",
      "integrity": "sha512-dkMaACpKJVvRfyJyYnaDiOxzXwJJrAKJH24KJEKSe+4QIAzsEQNQTg/IQH63QXMQgL1Vg8HAGVXKp8JJfFo5uw==",
      "license": "Apache-2.0"
    },
    "node_modules/pareto-core-shorthands": {
      "version": "0.2.61",
      "resolved": "https://registry.npmjs.org/pareto-core-shorthands/-/pareto-core-shorthands-0.2.61.tgz",
      "integrity": "sha512-dCPj+lF9rBzFYc94/Hd27cHzki7pYixB/UgoznIGkf3Eay8Ydv6yMTLEnMZ9aMfSaEjiwJFXkg21zijCI0R2ww==",
      "license": "Apache-2.0",
      "dependencies": {
        "pareto-core": "^0.1.0"
      }
    },
    "node_modules/pareto-fountain-pen": {
      "version": "0.4.106",
      "resolved": "https://registry.npmjs.org/pareto-fountain-pen/-/pareto-fountain-pen-0.4.106.tgz",
      "integrity": "sha512-6eKk7iFdx4Dvn7QjnoUkm1FtPf0MBysKntGng/QT7kCzV5To1CX926Q187PZTgqhJYj6PSKiqSiDpNkfNNsWTg==",
      "license": "Apache-2.0",
      "dependencies": {
        "pareto-core": "^0.1.0",
        "pareto-core-shorthands": "^0.2.0"
      },
      "engines": {
        "node": ">=14.0.0"
      }
    }
  }
}
