{
  "name": "pareto-static-html",
  "version": "0.1.66",
  "lockfileVersion": 3,
  "requires": true,
  "packages": {
    "": {
      "name": "pareto-static-html",
      "version": "0.1.66",
      "license": "Apache-2.0",
      "dependencies": {
        "astn-core": "^0.5.0",
        "liana-core": "^0.1.0",
        "pareto-core": "^0.1.0",
        "pareto-core-shorthands": "^0.2.0",
        "pareto-fountain-pen": "^0.4.0"
      }
    },
    "node_modules/astn-core": {
      "version": "0.5.152",
      "resolved": "https://registry.npmjs.org/astn-core/-/astn-core-0.5.152.tgz",
      "integrity": "sha512-PthBApS795wv4eI+2YJZlj/d8zDcYM5RrUbGZ2iuN5ComuiOwgIWYBVjJTcmFSNjWOouZgv2bkYe+HNeAeDlrw==",
      "license": "Apache-2.0",
      "dependencies": {
        "pareto-core": "^0.1.0",
        "pareto-fountain-pen": "^0.4.0"
      }
    },
    "node_modules/liana-core": {
      "version": "0.1.49",
      "resolved": "https://registry.npmjs.org/liana-core/-/liana-core-0.1.49.tgz",
      "integrity": "sha512-LHkDF8f6rU0TWAvF+I7E5Qj9PVzF5nKhYCHT+h6mw6m2AOy2jDkm9zWZDdcFrLE3YvYUtI/fhKLcNtNPUCEs3Q==",
      "license": "Apache-2.0",
      "dependencies": {
        "astn-core": "^0.5.0",
        "pareto-core": "^0.1.0",
        "pareto-fountain-pen": "^0.4.0"
      }
    },
    "node_modules/pareto-core": {
      "version": "0.1.286",
      "resolved": "https://registry.npmjs.org/pareto-core/-/pareto-core-0.1.286.tgz",
      "integrity": "sha512-hn9t3PGHwTxPKPmSOvnCy4+eVG2azMFQ0xXqBTpofZBOvsogiIkXpD/zRnQ5eQ7cNHgNFol82cuU61DakZ7pZA==",
      "license": "Apache-2.0"
    },
    "node_modules/pareto-core-shorthands": {
      "version": "0.2.61",
      "resolved": "https://registry.npmjs.org/pareto-core-shorthands/-/pareto-core-shorthands-0.2.61.tgz",
      "integrity": "sha512-dCPj+lF9rBzFYc94/Hd27cHzki7pYixB/UgoznIGkf3Eay8Ydv6yMTLEnMZ9aMfSaEjiwJFXkg21zijCI0R2ww==",
      "license": "Apache-2.0",
      "dependencies": {
        "pareto-core": "^0.1.0"
      }
    },
    "node_modules/pareto-fountain-pen": {
      "version": "0.4.110",
      "resolved": "https://registry.npmjs.org/pareto-fountain-pen/-/pareto-fountain-pen-0.4.110.tgz",
      "integrity": "sha512-ifYvxrl6nNLbdNxNWdpCulX1v1cANyEpMHAMijBlJ4f1jH6snf4R1v3vU36oreQKPNsMGrf60kPxXnoPYJIFtw==",
      "license": "Apache-2.0",
      "dependencies": {
        "pareto-core": "^0.1.0",
        "pareto-core-shorthands": "^0.2.0"
      },
      "engines": {
        "node": ">=14.0.0"
      }
    }
  }
}
