{
  "name": "pareto-static-html",
  "version": "0.1.72",
  "lockfileVersion": 3,
  "requires": true,
  "packages": {
    "": {
      "name": "pareto-static-html",
      "version": "0.1.72",
      "license": "Apache-2.0",
      "dependencies": {
        "astn-runtime": "^0.1.0",
        "liana-runtime": "^0.1.0",
        "pareto-core": "^0.1.0",
        "pareto-core-shorthands": "^0.2.0",
        "pareto-fountain-pen": "^0.4.0"
      }
    },
    "node_modules/astn-runtime": {
      "version": "0.1.1",
      "resolved": "https://registry.npmjs.org/astn-runtime/-/astn-runtime-0.1.1.tgz",
      "integrity": "sha512-sr7Fp0bZadwdWi1TgU6/xk044zZ0wI8TaBVqAOu/C9z92s+jcPbv2wHFC/I0O06F0s9chXYckfP8+GKZuL2Wmw==",
      "license": "Apache-2.0",
      "dependencies": {
        "pareto-core": "^0.1.320",
        "pareto-fountain-pen": "^0.4.0"
      }
    },
    "node_modules/liana-runtime": {
      "version": "0.1.1",
      "resolved": "https://registry.npmjs.org/liana-runtime/-/liana-runtime-0.1.1.tgz",
      "integrity": "sha512-RshnRza7b/kf5XgOI0nC7Lk4sxctBJUzG19/0VKAYB8kUzZP06u5GYIQev8BvS8J2XACAbMZcxkXOyAZGDwwgg==",
      "license": "Apache-2.0",
      "dependencies": {
        "astn-runtime": "^0.1.0",
        "pareto-core": "^0.1.0",
        "pareto-fountain-pen": "^0.4.0"
      }
    },
    "node_modules/pareto-core": {
      "version": "0.1.321",
      "resolved": "https://registry.npmjs.org/pareto-core/-/pareto-core-0.1.321.tgz",
      "integrity": "sha512-4C9e7ONj0JXFUOwDf14h3yGwbIh8lsq1YgBHRlFqKiuhsjREDn/teQ4B+GbiAE0l7qLgg94z5+cwuo3accXjDg==",
      "license": "Apache-2.0"
    },
    "node_modules/pareto-core-shorthands": {
      "version": "0.2.62",
      "resolved": "https://registry.npmjs.org/pareto-core-shorthands/-/pareto-core-shorthands-0.2.62.tgz",
      "integrity": "sha512-/SJvh+7MYb3XXZOwnO6OrdeSYQwRzT8iyeWGBReOqYZSr70OFQswA+IJdhE9imNtVn0oG5SuVmVLS9ZM97sbHQ==",
      "license": "Apache-2.0",
      "dependencies": {
        "pareto-core": "^0.1.0"
      }
    },
    "node_modules/pareto-fountain-pen": {
      "version": "0.4.118",
      "resolved": "https://registry.npmjs.org/pareto-fountain-pen/-/pareto-fountain-pen-0.4.118.tgz",
      "integrity": "sha512-BeKeeph2nQnbvXuHxRVyB1a8ie3twKyVIV1pJL6R5kisISk1HJCt8cv3SMcKUAAzUHDjdGd5EJFgQKp33Jp4/w==",
      "license": "Apache-2.0",
      "dependencies": {
        "pareto-core": "^0.1.0",
        "pareto-core-shorthands": "^0.2.0"
      },
      "engines": {
        "node": ">=14.0.0"
      }
    }
  }
}
