{
  "name": "pareto-static-html",
  "version": "0.1.15",
  "lockfileVersion": 3,
  "requires": true,
  "packages": {
    "": {
      "name": "pareto-static-html",
      "version": "0.1.15",
      "dependencies": {
        "astn-core": "^0.5.14",
        "liana-core": "^0.0.3",
        "pareto-fountain-pen": "^0.4.9"
      }
    },
    "node_modules/astn-core": {
      "version": "0.5.14",
      "resolved": "https://registry.npmjs.org/astn-core/-/astn-core-0.5.14.tgz",
      "integrity": "sha512-+GULHkb5OcA4UnrxY2F5Ev/zDtS77GvpVQ6NqIq4cM91tWlRZdq81+9D1enovjMrOHd2nmWnOpSG/NWFr9Pexg==",
      "license": "Apache-2.0",
      "dependencies": {
        "pareto-fountain-pen": "^0.4.9"
      }
    },
    "node_modules/liana-core": {
      "version": "0.0.3",
      "resolved": "https://registry.npmjs.org/liana-core/-/liana-core-0.0.3.tgz",
      "integrity": "sha512-zfvoo8N9gm2+2jjm31xDDqnbd4MGZPKnZJ9AraALSAlTqmxX/ApJnncESuF0rOIGZy1ZyYwL9OH+6/kwBpzY/Q==",
      "dependencies": {
        "pareto-core": "^0.1.8"
      }
    },
    "node_modules/pareto-core": {
      "version": "0.1.21",
      "resolved": "https://registry.npmjs.org/pareto-core/-/pareto-core-0.1.21.tgz",
      "integrity": "sha512-epLQSQQZNEIlICWkMj1b+/goToEEJFcZHgymZn1HGpgUBKRUtnue+inZkSRRJTsnsUE2VyEzvKUYZY3AV9b/4g==",
      "license": "ISC"
    },
    "node_modules/pareto-core-shorthands": {
      "version": "0.2.15",
      "resolved": "https://registry.npmjs.org/pareto-core-shorthands/-/pareto-core-shorthands-0.2.15.tgz",
      "integrity": "sha512-CyYAB8g03kbKFCk9MAG3N8GzmTnsPK/lTK36rXAuFy9tQEvX7HpZIllLnbrjvsjAfbiRF137B/buPip/4RnSJg==",
      "license": "ISC",
      "dependencies": {
        "pareto-core": "^0.1.21"
      }
    },
    "node_modules/pareto-fountain-pen": {
      "version": "0.4.9",
      "resolved": "https://registry.npmjs.org/pareto-fountain-pen/-/pareto-fountain-pen-0.4.9.tgz",
      "integrity": "sha512-E4obBbp/o0nOwsmgPBjUazb3txL83YnFl6LjnuyPn+8Ri0z7WoYMUKJpRUzp0qiXGU/9HgiXqZaligU6FPCVdA==",
      "license": "Apache-2.0",
      "dependencies": {
        "pareto-core": "^0.1.9",
        "pareto-core-shorthands": "^0.2.11"
      },
      "engines": {
        "node": ">=14.0.0"
      }
    }
  }
}
