{
  "name": "pareto-static-html",
  "version": "0.1.14",
  "lockfileVersion": 3,
  "requires": true,
  "packages": {
    "": {
      "name": "pareto-static-html",
      "version": "0.1.14",
      "dependencies": {
        "astn-core": "^0.5.5",
        "pareto-fountain-pen": "^0.4.5"
      }
    },
    "node_modules/astn-core": {
      "version": "0.5.5",
      "resolved": "https://registry.npmjs.org/astn-core/-/astn-core-0.5.5.tgz",
      "integrity": "sha512-0tqEHbV3/fYtUtREc3BQ1xmqdsjXdJ0DkbdbQfmMD3Ge0mipLVdbgjeGqncCi9IrTf9oYI5Jowe77CU5k6jqsw==",
      "license": "Apache-2.0",
      "dependencies": {
        "pareto-fountain-pen": "^0.4.4"
      }
    },
    "node_modules/pareto-core": {
      "version": "0.1.8",
      "resolved": "https://registry.npmjs.org/pareto-core/-/pareto-core-0.1.8.tgz",
      "integrity": "sha512-fhkodTBwto8K7SMJSUQnr/yo/0B2uK9wt0qcmgTSMLMBWfk0iDP/rawIJunj3x4/6C7GoOVCtr95AkBfF4+GCA==",
      "license": "ISC"
    },
    "node_modules/pareto-core-shorthands": {
      "version": "0.2.6",
      "resolved": "https://registry.npmjs.org/pareto-core-shorthands/-/pareto-core-shorthands-0.2.6.tgz",
      "integrity": "sha512-kQ9R9gTde5E4VuUFnA+JVS3mMF9/bAjpXunNe4CIAePmfNvKF8nJts3lHc6RW/Jqa0Xydib/MHCwft27BXaK5Q==",
      "license": "ISC",
      "dependencies": {
        "pareto-core": "^0.1.8"
      }
    },
    "node_modules/pareto-fountain-pen": {
      "version": "0.4.5",
      "resolved": "https://registry.npmjs.org/pareto-fountain-pen/-/pareto-fountain-pen-0.4.5.tgz",
      "integrity": "sha512-bSrdRzTuOYA9eFcxjbfM6QIQIOntLoFlKDgO0ChABQe3v6t4sQWO+TLewbdKnf4J9gEGn6bfQmJZsMBcp9P4eQ==",
      "license": "Apache-2.0",
      "dependencies": {
        "pareto-core": "^0.1.3",
        "pareto-core-shorthands": "^0.2.5"
      },
      "engines": {
        "node": ">=14.0.0"
      }
    }
  }
}
