{
  "name": "pareto-static-html",
  "version": "0.1.20",
  "lockfileVersion": 3,
  "requires": true,
  "packages": {
    "": {
      "name": "pareto-static-html",
      "version": "0.1.20",
      "dependencies": {
        "astn-core": "^0.5.23",
        "liana-core": "^0.0.6",
        "pareto-fountain-pen": "^0.4.18"
      }
    },
    "node_modules/astn-core": {
      "version": "0.5.23",
      "resolved": "https://registry.npmjs.org/astn-core/-/astn-core-0.5.23.tgz",
      "integrity": "sha512-mUShQ//otGQxL0/ZkUUCBIOh5fGEwFrvyKkiqmU1waSyIp1upnaTPBH9FMcrEhKLjrs8B02nUkfrWaOT+zudzg==",
      "license": "Apache-2.0",
      "dependencies": {
        "pareto-fountain-pen": "^0.4.18"
      }
    },
    "node_modules/liana-core": {
      "version": "0.0.6",
      "resolved": "https://registry.npmjs.org/liana-core/-/liana-core-0.0.6.tgz",
      "integrity": "sha512-uIFk+COyquo/PFdD4V8o3wZTA9IUMd2mXtB/XA74lD4i0e6We6L0bkbdyADmt8FEJrpBzvvNdYlrq8J+w4sAmA==",
      "dependencies": {
        "astn-core": "^0.5.19",
        "pareto-core": "^0.1.31"
      }
    },
    "node_modules/pareto-core": {
      "version": "0.1.31",
      "resolved": "https://registry.npmjs.org/pareto-core/-/pareto-core-0.1.31.tgz",
      "integrity": "sha512-G79wzjtD+3RBkPNJpWNIWch+9kO4Kx9lBsfWFZxJWcE+dS6M1sTdtMMzjHOA/Q/PE5IPYsT/yNWg7ztWUOmYlw==",
      "license": "ISC"
    },
    "node_modules/pareto-core-shorthands": {
      "version": "0.2.18",
      "resolved": "https://registry.npmjs.org/pareto-core-shorthands/-/pareto-core-shorthands-0.2.18.tgz",
      "integrity": "sha512-ebfwNolg1bHQxxXniRZ8vgYCnSUwa1ub6TAwK8kMA7A21Zi6ur6+SyTdG4VeRFmNxoiyQADN9qJwngHVsFosbQ==",
      "license": "ISC",
      "dependencies": {
        "pareto-core": "^0.1.30"
      }
    },
    "node_modules/pareto-fountain-pen": {
      "version": "0.4.18",
      "resolved": "https://registry.npmjs.org/pareto-fountain-pen/-/pareto-fountain-pen-0.4.18.tgz",
      "integrity": "sha512-/D1GdFK4iDD7FmAICHVqA7kTdfKfU1KsmC9JzpMN2iR5CuJ92/G1htjp6EQqCtpT09XQodzzwiZLacs/9hy5nA==",
      "license": "Apache-2.0",
      "dependencies": {
        "pareto-core": "^0.1.30",
        "pareto-core-shorthands": "^0.2.18"
      },
      "engines": {
        "node": ">=14.0.0"
      }
    }
  }
}
